// !$*UTF8*$!
{
	archiveVersion = 1;
	classes = {
	};
	objectVersion = 46;
	objects = {

/* Begin PBXBuildFile section */
		8B2C6DE41E096C13000E8675 /* AppDelegate.swift in Sources */ = {isa = PBXBuildFile; fileRef = 8B2C6DE31E096C13000E8675 /* AppDelegate.swift */; };
		8B2C6DEB1E096C13000E8675 /* Assets.xcassets in Resources */ = {isa = PBXBuildFile; fileRef = 8B2C6DEA1E096C13000E8675 /* Assets.xcassets */; };
		8B2C6DEE1E096C13000E8675 /* LaunchScreen.storyboard in Resources */ = {isa = PBXBuildFile; fileRef = 8B2C6DEC1E096C13000E8675 /* LaunchScreen.storyboard */; };
		8B2C6DF91E096C13000E8675 /* _________Tests.swift in Sources */ = {isa = PBXBuildFile; fileRef = 8B2C6DF81E096C13000E8675 /* _________Tests.swift */; };
		8B2C6E041E096C13000E8675 /* _________UITests.swift in Sources */ = {isa = PBXBuildFile; fileRef = 8B2C6E031E096C13000E8675 /* _________UITests.swift */; };
		8B2C6E121E096C4F000E8675 /* PhotoListController.swift in Sources */ = {isa = PBXBuildFile; fileRef = 8B2C6E111E096C4F000E8675 /* PhotoListController.swift */; };
		8B2C6E141E096C60000E8675 /* PhotoCell.swift in Sources */ = {isa = PBXBuildFile; fileRef = 8B2C6E131E096C60000E8675 /* PhotoCell.swift */; };
		8B2C6E161E096E13000E8675 /* PhotoModel.swift in Sources */ = {isa = PBXBuildFile; fileRef = 8B2C6E151E096E13000E8675 /* PhotoModel.swift */; };
		8BB52BB81E0A05F10024EFBD /* PhotoDetailController.swift in Sources */ = {isa = PBXBuildFile; fileRef = 8BB52BB71E0A05F10024EFBD /* PhotoDetailController.swift */; };
		8BB52BBA1E0A060A0024EFBD /* PhotoDetailCell.swift in Sources */ = {isa = PBXBuildFile; fileRef = 8BB52BB91E0A060A0024EFBD /* PhotoDetailCell.swift */; };
		8BB52BBC1E0A061D0024EFBD /* PhotoDetailModel.swift in Sources */ = {isa = PBXBuildFile; fileRef = 8BB52BBB1E0A061D0024EFBD /* PhotoDetailModel.swift */; };
		8BB52BBE1E0A0C060024EFBD /* ModalAnimationDelegate.swift in Sources */ = {isa = PBXBuildFile; fileRef = 8BB52BBD1E0A0C060024EFBD /* ModalAnimationDelegate.swift */; };
		9F9F7A30FF8BD292799549B2 /* Pods__________.framework in Frameworks */ = {isa = PBXBuildFile; fileRef = 5C2AFE9D3729461823E779D2 /* Pods__________.framework */; };
/* End PBXBuildFile section */

/* Begin PBXContainerItemProxy section */
		8B2C6DF51E096C13000E8675 /* PBXContainerItemProxy */ = {
			isa = PBXContainerItemProxy;
			containerPortal = 8B2C6DD81E096C13000E8675 /* Project object */;
			proxyType = 1;
			remoteGlobalIDString = 8B2C6DDF1E096C13000E8675;
			remoteInfo = "仿微信照片弹出动画";
		};
		8B2C6E001E096C13000E8675 /* PBXContainerItemProxy */ = {
			isa = PBXContainerItemProxy;
			containerPortal = 8B2C6DD81E096C13000E8675 /* Project object */;
			proxyType = 1;
			remoteGlobalIDString = 8B2C6DDF1E096C13000E8675;
			remoteInfo = "仿微信照片弹出动画";
		};
/* End PBXContainerItemProxy section */

/* Begin PBXFileReference section */
		11EB51670AC274D493A89809 /* Pods-仿微信照片弹出动画.release.xcconfig */ = {isa = PBXFileReference; includeInIndex = 1; lastKnownFileType = text.xcconfig; name = "Pods-仿微信照片弹出动画.release.xcconfig"; path = "Pods/Target Support Files/Pods-仿微信照片弹出动画/Pods-仿微信照片弹出动画.release.xcconfig"; sourceTree = "<group>"; };
		5C2AFE9D3729461823E779D2 /* Pods__________.framework */ = {isa = PBXFileReference; explicitFileType = wrapper.framework; includeInIndex = 0; path = "Pods__________.framework"; sourceTree = BUILT_PRODUCTS_DIR; };
		8B2C6DE01E096C13000E8675 /* 仿微信照片弹出动画.app */ = {isa = PBXFileReference; explicitFileType = wrapper.application; includeInIndex = 0; path = "仿微信照片弹出动画.app"; sourceTree = BUILT_PRODUCTS_DIR; };
		8B2C6DE31E096C13000E8675 /* AppDelegate.swift */ = {isa = PBXFileReference; lastKnownFileType = sourcecode.swift; path = AppDelegate.swift; sourceTree = "<group>"; };
		8B2C6DEA1E096C13000E8675 /* Assets.xcassets */ = {isa = PBXFileReference; lastKnownFileType = folder.assetcatalog; path = Assets.xcassets; sourceTree = "<group>"; };
		8B2C6DED1E096C13000E8675 /* Base */ = {isa = PBXFileReference; lastKnownFileType = file.storyboard; name = Base; path = Base.lproj/LaunchScreen.storyboard; sourceTree = "<group>"; };
		8B2C6DEF1E096C13000E8675 /* Info.plist */ = {isa = PBXFileReference; lastKnownFileType = text.plist.xml; path = Info.plist; sourceTree = "<group>"; };
		8B2C6DF41E096C13000E8675 /* 仿微信照片弹出动画Tests.xctest */ = {isa = PBXFileReference; explicitFileType = wrapper.cfbundle; includeInIndex = 0; path = "仿微信照片弹出动画Tests.xctest"; sourceTree = BUILT_PRODUCTS_DIR; };
		8B2C6DF81E096C13000E8675 /* _________Tests.swift */ = {isa = PBXFileReference; lastKnownFileType = sourcecode.swift; path = "_________Tests.swift"; sourceTree = "<group>"; };
		8B2C6DFA1E096C13000E8675 /* Info.plist */ = {isa = PBXFileReference; lastKnownFileType = text.plist.xml; path = Info.plist; sourceTree = "<group>"; };
		8B2C6DFF1E096C13000E8675 /* 仿微信照片弹出动画UITests.xctest */ = {isa = PBXFileReference; explicitFileType = wrapper.cfbundle; includeInIndex = 0; path = "仿微信照片弹出动画UITests.xctest"; sourceTree = BUILT_PRODUCTS_DIR; };
		8B2C6E031E096C13000E8675 /* _________UITests.swift */ = {isa = PBXFileReference; lastKnownFileType = sourcecode.swift; path = "_________UITests.swift"; sourceTree = "<group>"; };
		8B2C6E051E096C13000E8675 /* Info.plist */ = {isa = PBXFileReference; lastKnownFileType = text.plist.xml; path = Info.plist; sourceTree = "<group>"; };
		8B2C6E111E096C4F000E8675 /* PhotoListController.swift */ = {isa = PBXFileReference; fileEncoding = 4; lastKnownFileType = sourcecode.swift; path = PhotoListController.swift; sourceTree = "<group>"; };
		8B2C6E131E096C60000E8675 /* PhotoCell.swift */ = {isa = PBXFileReference; fileEncoding = 4; lastKnownFileType = sourcecode.swift; path = PhotoCell.swift; sourceTree = "<group>"; };
		8B2C6E151E096E13000E8675 /* PhotoModel.swift */ = {isa = PBXFileReference; fileEncoding = 4; lastKnownFileType = sourcecode.swift; path = PhotoModel.swift; sourceTree = "<group>"; };
		8BB52BB71E0A05F10024EFBD /* PhotoDetailController.swift */ = {isa = PBXFileReference; fileEncoding = 4; lastKnownFileType = sourcecode.swift; path = PhotoDetailController.swift; sourceTree = "<group>"; };
		8BB52BB91E0A060A0024EFBD /* PhotoDetailCell.swift */ = {isa = PBXFileReference; fileEncoding = 4; lastKnownFileType = sourcecode.swift; path = PhotoDetailCell.swift; sourceTree = "<group>"; };
		8BB52BBB1E0A061D0024EFBD /* PhotoDetailModel.swift */ = {isa = PBXFileReference; fileEncoding = 4; lastKnownFileType = sourcecode.swift; path = PhotoDetailModel.swift; sourceTree = "<group>"; };
		8BB52BBD1E0A0C060024EFBD /* ModalAnimationDelegate.swift */ = {isa = PBXFileReference; fileEncoding = 4; lastKnownFileType = sourcecode.swift; path = ModalAnimationDelegate.swift; sourceTree = "<group>"; };
		B739C306C5DC7D196C7AA9C0 /* Pods-仿微信照片弹出动画.debug.xcconfig */ = {isa = PBXFileReference; includeInIndex = 1; lastKnownFileType = text.xcconfig; name = "Pods-仿微信照片弹出动画.debug.xcconfig"; path = "Pods/Target Support Files/Pods-仿微信照片弹出动画/Pods-仿微信照片弹出动画.debug.xcconfig"; sourceTree = "<group>"; };
/* End PBXFileReference section */

/* Begin PBXFrameworksBuildPhase section */
		8B2C6DDD1E096C13000E8675 /* Frameworks */ = {
			isa = PBXFrameworksBuildPhase;
			buildActionMask = 2147483647;
			files = (
				9F9F7A30FF8BD292799549B2 /* Pods__________.framework in Frameworks */,
			);
			runOnlyForDeploymentPostprocessing = 0;
		};
		8B2C6DF11E096C13000E8675 /* Frameworks */ = {
			isa = PBXFrameworksBuildPhase;
			buildActionMask = 2147483647;
			files = (
			);
			runOnlyForDeploymentPostprocessing = 0;
		};
		8B2C6DFC1E096C13000E8675 /* Frameworks */ = {
			isa = PBXFrameworksBuildPhase;
			buildActionMask = 2147483647;
			files = (
			);
			runOnlyForDeploymentPostprocessing = 0;
		};
/* End PBXFrameworksBuildPhase section */

/* Begin PBXGroup section */
		8B2C6DD71E096C13000E8675 = {
			isa = PBXGroup;
			children = (
				8B2C6DE21E096C13000E8675 /* 仿微信照片弹出动画 */,
				8B2C6DF71E096C13000E8675 /* 仿微信照片弹出动画Tests */,
				8B2C6E021E096C13000E8675 /* 仿微信照片弹出动画UITests */,
				8B2C6DE11E096C13000E8675 /* Products */,
				D1B204C4A28EF9606E37A07B /* Pods */,
				FD0A554A605F3C1DBCFB8DD3 /* Frameworks */,
			);
			sourceTree = "<group>";
		};
		8B2C6DE11E096C13000E8675 /* Products */ = {
			isa = PBXGroup;
			children = (
				8B2C6DE01E096C13000E8675 /* 仿微信照片弹出动画.app */,
				8B2C6DF41E096C13000E8675 /* 仿微信照片弹出动画Tests.xctest */,
				8B2C6DFF1E096C13000E8675 /* 仿微信照片弹出动画UITests.xctest */,
			);
			name = Products;
			sourceTree = "<group>";
		};
		8B2C6DE21E096C13000E8675 /* 仿微信照片弹出动画 */ = {
			isa = PBXGroup;
			children = (
				8B2C6DE31E096C13000E8675 /* AppDelegate.swift */,
				8B2C6E111E096C4F000E8675 /* PhotoListController.swift */,
				8B2C6E131E096C60000E8675 /* PhotoCell.swift */,
				8B2C6E151E096E13000E8675 /* PhotoModel.swift */,
				8BB52BB71E0A05F10024EFBD /* PhotoDetailController.swift */,
				8BB52BB91E0A060A0024EFBD /* PhotoDetailCell.swift */,
				8BB52BBB1E0A061D0024EFBD /* PhotoDetailModel.swift */,
				8BB52BBD1E0A0C060024EFBD /* ModalAnimationDelegate.swift */,
				8B2C6DEA1E096C13000E8675 /* Assets.xcassets */,
				8B2C6DEC1E096C13000E8675 /* LaunchScreen.storyboard */,
				8B2C6DEF1E096C13000E8675 /* Info.plist */,
			);
			path = "仿微信照片弹出动画";
			sourceTree = "<group>";
		};
		8B2C6DF71E096C13000E8675 /* 仿微信照片弹出动画Tests */ = {
			isa = PBXGroup;
			children = (
				8B2C6DF81E096C13000E8675 /* _________Tests.swift */,
				8B2C6DFA1E096C13000E8675 /* Info.plist */,
			);
			path = "仿微信照片弹出动画Tests";
			sourceTree = "<group>";
		};
		8B2C6E021E096C13000E8675 /* 仿微信照片弹出动画UITests */ = {
			isa = PBXGroup;
			children = (
				8B2C6E031E096C13000E8675 /* _________UITests.swift */,
				8B2C6E051E096C13000E8675 /* Info.plist */,
			);
			path = "仿微信照片弹出动画UITests";
			sourceTree = "<group>";
		};
		D1B204C4A28EF9606E37A07B /* Pods */ = {
			isa = PBXGroup;
			children = (
				B739C306C5DC7D196C7AA9C0 /* Pods-仿微信照片弹出动画.debug.xcconfig */,
				11EB51670AC274D493A89809 /* Pods-仿微信照片弹出动画.release.xcconfig */,
			);
			name = Pods;
			sourceTree = "<group>";
		};
		FD0A554A605F3C1DBCFB8DD3 /* Frameworks */ = {
			isa = PBXGroup;
			children = (
				5C2AFE9D3729461823E779D2 /* Pods__________.framework */,
			);
			name = Frameworks;
			sourceTree = "<group>";
		};
/* End PBXGroup section */

/* Begin PBXNativeTarget section */
		8B2C6DDF1E096C13000E8675 /* 仿微信照片弹出动画 */ = {
			isa = PBXNativeTarget;
			buildConfigurationList = 8B2C6E081E096C13000E8675 /* Build configuration list for PBXNativeTarget "仿微信照片弹出动画" */;
			buildPhases = (
				06D985C088902D9DDB4E1155 /* [CP] Check Pods Manifest.lock */,
				8B2C6DDC1E096C13000E8675 /* Sources */,
				8B2C6DDD1E096C13000E8675 /* Frameworks */,
				8B2C6DDE1E096C13000E8675 /* Resources */,
				970B8FF45E4BD53680FF4620 /* [CP] Embed Pods Frameworks */,
				F8B6827C06A756F4DC796F65 /* [CP] Copy Pods Resources */,
			);
			buildRules = (
			);
			dependencies = (
			);
			name = "仿微信照片弹出动画";
			productName = "仿微信照片弹出动画";
			productReference = 8B2C6DE01E096C13000E8675 /* 仿微信照片弹出动画.app */;
			productType = "com.apple.product-type.application";
		};
		8B2C6DF31E096C13000E8675 /* 仿微信照片弹出动画Tests */ = {
			isa = PBXNativeTarget;
			buildConfigurationList = 8B2C6E0B1E096C13000E8675 /* Build configuration list for PBXNativeTarget "仿微信照片弹出动画Tests" */;
			buildPhases = (
				8B2C6DF01E096C13000E8675 /* Sources */,
				8B2C6DF11E096C13000E8675 /* Frameworks */,
				8B2C6DF21E096C13000E8675 /* Resources */,
			);
			buildRules = (
			);
			dependencies = (
				8B2C6DF61E096C13000E8675 /* PBXTargetDependency */,
			);
			name = "仿微信照片弹出动画Tests";
			productName = "仿微信照片弹出动画Tests";
			productReference = 8B2C6DF41E096C13000E8675 /* 仿微信照片弹出动画Tests.xctest */;
			productType = "com.apple.product-type.bundle.unit-test";
		};
		8B2C6DFE1E096C13000E8675 /* 仿微信照片弹出动画UITests */ = {
			isa = PBXNativeTarget;
			buildConfigurationList = 8B2C6E0E1E096C13000E8675 /* Build configuration list for PBXNativeTarget "仿微信照片弹出动画UITests" */;
			buildPhases = (
				8B2C6DFB1E096C13000E8675 /* Sources */,
				8B2C6DFC1E096C13000E8675 /* Frameworks */,
				8B2C6DFD1E096C13000E8675 /* Resources */,
			);
			buildRules = (
			);
			dependencies = (
				8B2C6E011E096C13000E8675 /* PBXTargetDependency */,
			);
			name = "仿微信照片弹出动画UITests";
			productName = "仿微信照片弹出动画UITests";
			productReference = 8B2C6DFF1E096C13000E8675 /* 仿微信照片弹出动画UITests.xctest */;
			productType = "com.apple.product-type.bundle.ui-testing";
		};
/* End PBXNativeTarget section */

/* Begin PBXProject section */
		8B2C6DD81E096C13000E8675 /* Project object */ = {
			isa = PBXProject;
			attributes = {
				LastSwiftUpdateCheck = 0810;
				LastUpgradeCheck = 0810;
				ORGANIZATIONNAME = zhangxu;
				TargetAttributes = {
					8B2C6DDF1E096C13000E8675 = {
						CreatedOnToolsVersion = 8.1;
						DevelopmentTeam = A6RKWJ9J6G;
						ProvisioningStyle = Automatic;
					};
					8B2C6DF31E096C13000E8675 = {
						CreatedOnToolsVersion = 8.1;
						DevelopmentTeam = A6RKWJ9J6G;
						ProvisioningStyle = Automatic;
						TestTargetID = 8B2C6DDF1E096C13000E8675;
					};
					8B2C6DFE1E096C13000E8675 = {
						CreatedOnToolsVersion = 8.1;
						DevelopmentTeam = A6RKWJ9J6G;
						ProvisioningStyle = Automatic;
						TestTargetID = 8B2C6DDF1E096C13000E8675;
					};
				};
			};
			buildConfigurationList = 8B2C6DDB1E096C13000E8675 /* Build configuration list for PBXProject "仿微信照片弹出动画" */;
			compatibilityVersion = "Xcode 3.2";
			developmentRegion = English;
			hasScannedForEncodings = 0;
			knownRegions = (
				en,
				Base,
			);
			mainGroup = 8B2C6DD71E096C13000E8675;
			productRefGroup = 8B2C6DE11E096C13000E8675 /* Products */;
			projectDirPath = "";
			projectRoot = "";
			targets = (
				8B2C6DDF1E096C13000E8675 /* 仿微信照片弹出动画 */,
				8B2C6DF31E096C13000E8675 /* 仿微信照片弹出动画Tests */,
				8B2C6DFE1E096C13000E8675 /* 仿微信照片弹出动画UITests */,
			);
		};
/* End PBXProject section */

/* Begin PBXResourcesBuildPhase section */
		8B2C6DDE1E096C13000E8675 /* Resources */ = {
			isa = PBXResourcesBuildPhase;
			buildActionMask = 2147483647;
			files = (
				8B2C6DEE1E096C13000E8675 /* LaunchScreen.storyboard in Resources */,
				8B2C6DEB1E096C13000E8675 /* Assets.xcassets in Resources */,
			);
			runOnlyForDeploymentPostprocessing = 0;
		};
		8B2C6DF21E096C13000E8675 /* Resources */ = {
			isa = PBXResourcesBuildPhase;
			buildActionMask = 2147483647;
			files = (
			);
			runOnlyForDeploymentPostprocessing = 0;
		};
		8B2C6DFD1E096C13000E8675 /* Resources */ = {
			isa = PBXResourcesBuildPhase;
			buildActionMask = 2147483647;
			files = (
			);
			runOnlyForDeploymentPostprocessing = 0;
		};
/* End PBXResourcesBuildPhase section */

/* Begin PBXShellScriptBuildPhase section */
		06D985C088902D9DDB4E1155 /* [CP] Check Pods Manifest.lock */ = {
			isa = PBXShellScriptBuildPhase;
			buildActionMask = 2147483647;
			files = (
			);
			inputPaths = (
			);
			name = "[CP] Check Pods Manifest.lock";
			outputPaths = (
			);
			runOnlyForDeploymentPostprocessing = 0;
			shellPath = /bin/sh;
			shellScript = "diff \"${PODS_ROOT}/../Podfile.lock\" \"${PODS_ROOT}/Manifest.lock\" > /dev/null\nif [ $? != 0 ] ; then\n    # print error to STDERR\n    echo \"error: The sandbox is not in sync with the Podfile.lock. Run 'pod install' or update your CocoaPods installation.\" >&2\n    exit 1\nfi\n";
			showEnvVarsInLog = 0;
		};
		970B8FF45E4BD53680FF4620 /* [CP] Embed Pods Frameworks */ = {
			isa = PBXShellScriptBuildPhase;
			buildActionMask = 2147483647;
			files = (
			);
			inputPaths = (
			);
			name = "[CP] Embed Pods Frameworks";
			outputPaths = (
			);
			runOnlyForDeploymentPostprocessing = 0;
			shellPath = /bin/sh;
			shellScript = "\"${SRCROOT}/Pods/Target Support Files/Pods-仿微信照片弹出动画/Pods-仿微信照片弹出动画-frameworks.sh\"\n";
			showEnvVarsInLog = 0;
		};
		F8B6827C06A756F4DC796F65 /* [CP] Copy Pods Resources */ = {
			isa = PBXShellScriptBuildPhase;
			buildActionMask = 2147483647;
			files = (
			);
			inputPaths = (
			);
			name = "[CP] Copy Pods Resources";
			outputPaths = (
			);
			runOnlyForDeploymentPostprocessing = 0;
			shellPath = /bin/sh;
			shellScript = "\"${SRCROOT}/Pods/Target Support Files/Pods-仿微信照片弹出动画/Pods-仿微信照片弹出动画-resources.sh\"\n";
			showEnvVarsInLog = 0;
		};
/* End PBXShellScriptBuildPhase section */

/* Begin PBXSourcesBuildPhase section */
		8B2C6DDC1E096C13000E8675 /* Sources */ = {
			isa = PBXSourcesBuildPhase;
			buildActionMask = 2147483647;
			files = (
				8B2C6E121E096C4F000E8675 /* PhotoListController.swift in Sources */,
				8B2C6E141E096C60000E8675 /* PhotoCell.swift in Sources */,
				8BB52BB81E0A05F10024EFBD /* PhotoDetailController.swift in Sources */,
				8B2C6E161E096E13000E8675 /* PhotoModel.swift in Sources */,
				8BB52BBC1E0A061D0024EFBD /* PhotoDetailModel.swift in Sources */,
				8B2C6DE41E096C13000E8675 /* AppDelegate.swift in Sources */,
				8BB52BBA1E0A060A0024EFBD /* PhotoDetailCell.swift in Sources */,
				8BB52BBE1E0A0C060024EFBD /* ModalAnimationDelegate.swift in Sources */,
			);
			runOnlyForDeploymentPostprocessing = 0;
		};
		8B2C6DF01E096C13000E8675 /* Sources */ = {
			isa = PBXSourcesBuildPhase;
			buildActionMask = 2147483647;
			files = (
				8B2C6DF91E096C13000E8675 /* _________Tests.swift in Sources */,
			);
			runOnlyForDeploymentPostprocessing = 0;
		};
		8B2C6DFB1E096C13000E8675 /* Sources */ = {
			isa = PBXSourcesBuildPhase;
			buildActionMask = 2147483647;
			files = (
				8B2C6E041E096C13000E8675 /* _________UITests.swift in Sources */,
			);
			runOnlyForDeploymentPostprocessing = 0;
		};
/* End PBXSourcesBuildPhase section */

/* Begin PBXTargetDependency section */
		8B2C6DF61E096C13000E8675 /* PBXTargetDependency */ = {
			isa = PBXTargetDependency;
			target = 8B2C6DDF1E096C13000E8675 /* 仿微信照片弹出动画 */;
			targetProxy = 8B2C6DF51E096C13000E8675 /* PBXContainerItemProxy */;
		};
		8B2C6E011E096C13000E8675 /* PBXTargetDependency */ = {
			isa = PBXTargetDependency;
			target = 8B2C6DDF1E096C13000E8675 /* 仿微信照片弹出动画 */;
			targetProxy = 8B2C6E001E096C13000E8675 /* PBXContainerItemProxy */;
		};
/* End PBXTargetDependency section */

/* Begin PBXVariantGroup section */
		8B2C6DEC1E096C13000E8675 /* LaunchScreen.storyboard */ = {
			isa = PBXVariantGroup;
			children = (
				8B2C6DED1E096C13000E8675 /* Base */,
			);
			name = LaunchScreen.storyboard;
			sourceTree = "<group>";
		};
/* End PBXVariantGroup section */

/* Begin XCBuildConfiguration section */
		8B2C6E061E096C13000E8675 /* Debug */ = {
			isa = XCBuildConfiguration;
			buildSettings = {
				ALWAYS_SEARCH_USER_PATHS = NO;
				CLANG_ANALYZER_NONNULL = YES;
				CLANG_CXX_LANGUAGE_STANDARD = "gnu++0x";
				CLANG_CXX_LIBRARY = "libc++";
				CLANG_ENABLE_MODULES = YES;
				CLANG_ENABLE_OBJC_ARC = YES;
				CLANG_WARN_BOOL_CONVERSION = YES;
				CLANG_WARN_CONSTANT_CONVERSION = YES;
				CLANG_WARN_DIRECT_OBJC_ISA_USAGE = YES_ERROR;
				CLANG_WARN_DOCUMENTATION_COMMENTS = YES;
				CLANG_WARN_EMPTY_BODY = YES;
				CLANG_WARN_ENUM_CONVERSION = YES;
				CLANG_WARN_INFINITE_RECURSION = YES;
				CLANG_WARN_INT_CONVERSION = YES;
				CLANG_WARN_OBJC_ROOT_CLASS = YES_ERROR;
				CLANG_WARN_SUSPICIOUS_MOVES = YES;
				CLANG_WARN_UNREACHABLE_CODE = YES;
				CLANG_WARN__DUPLICATE_METHOD_MATCH = YES;
				"CODE_SIGN_IDENTITY[sdk=iphoneos*]" = "iPhone Developer";
				COPY_PHASE_STRIP = NO;
				DEBUG_INFORMATION_FORMAT = dwarf;
				ENABLE_STRICT_OBJC_MSGSEND = YES;
				ENABLE_TESTABILITY = YES;
				GCC_C_LANGUAGE_STANDARD = gnu99;
				GCC_DYNAMIC_NO_PIC = NO;
				GCC_NO_COMMON_BLOCKS = YES;
				GCC_OPTIMIZATION_LEVEL = 0;
				GCC_PREPROCESSOR_DEFINITIONS = (
					"DEBUG=1",
					"$(inherited)",
				);
				GCC_WARN_64_TO_32_BIT_CONVERSION = YES;
				GCC_WARN_ABOUT_RETURN_TYPE = YES_ERROR;
				GCC_WARN_UNDECLARED_SELECTOR = YES;
				GCC_WARN_UNINITIALIZED_AUTOS = YES_AGGRESSIVE;
				GCC_WARN_UNUSED_FUNCTION = YES;
				GCC_WARN_UNUSED_VARIABLE = YES;
				IPHONEOS_DEPLOYMENT_TARGET = 10.1;
				MTL_ENABLE_DEBUG_INFO = YES;
				ONLY_ACTIVE_ARCH = YES;
				SDKROOT = iphoneos;
				SWIFT_ACTIVE_COMPILATION_CONDITIONS = DEBUG;
				SWIFT_OPTIMIZATION_LEVEL = "-Onone";
			};
			name = Debug;
		};
		8B2C6E071E096C13000E8675 /* Release */ = {
			isa = XCBuildConfiguration;
			buildSettings = {
				ALWAYS_SEARCH_USER_PATHS = NO;
				CLANG_ANALYZER_NONNULL = YES;
				CLANG_CXX_LANGUAGE_STANDARD = "gnu++0x";
				CLANG_CXX_LIBRARY = "libc++";
				CLANG_ENABLE_MODULES = YES;
				CLANG_ENABLE_OBJC_ARC = YES;
				CLANG_WARN_BOOL_CONVERSION = YES;
				CLANG_WARN_CONSTANT_CONVERSION = YES;
				CLANG_WARN_DIRECT_OBJC_ISA_USAGE = YES_ERROR;
				CLANG_WARN_DOCUMENTATION_COMMENTS = YES;
				CLANG_WARN_EMPTY_BODY = YES;
				CLANG_WARN_ENUM_CONVERSION = YES;
				CLANG_WARN_INFINITE_RECURSION = YES;
				CLANG_WARN_INT_CONVERSION = YES;
				CLANG_WARN_OBJC_ROOT_CLASS = YES_ERROR;
				CLANG_WARN_SUSPICIOUS_MOVES = YES;
				CLANG_WARN_UNREACHABLE_CODE = YES;
				CLANG_WARN__DUPLICATE_METHOD_MATCH = YES;
				"CODE_SIGN_IDENTITY[sdk=iphoneos*]" = "iPhone Developer";
				COPY_PHASE_STRIP = NO;
				DEBUG_INFORMATION_FORMAT = "dwarf-with-dsym";
				ENABLE_NS_ASSERTIONS = NO;
				ENABLE_STRICT_OBJC_MSGSEND = YES;
				GCC_C_LANGUAGE_STANDARD = gnu99;
				GCC_NO_COMMON_BLOCKS = YES;
				GCC_WARN_64_TO_32_BIT_CONVERSION = YES;
				GCC_WARN_ABOUT_RETURN_TYPE = YES_ERROR;
				GCC_WARN_UNDECLARED_SELECTOR = YES;
				GCC_WARN_UNINITIALIZED_AUTOS = YES_AGGRESSIVE;
				GCC_WARN_UNUSED_FUNCTION = YES;
				GCC_WARN_UNUSED_VARIABLE = YES;
				IPHONEOS_DEPLOYMENT_TARGET = 10.1;
				MTL_ENABLE_DEBUG_INFO = NO;
				SDKROOT = iphoneos;
				SWIFT_OPTIMIZATION_LEVEL = "-Owholemodule";
				VALIDATE_PRODUCT = YES;
			};
			name = Release;
		};
		8B2C6E091E096C13000E8675 /* Debug */ = {
			isa = XCBuildConfiguration;
			baseConfigurationReference = B739C306C5DC7D196C7AA9C0 /* Pods-仿微信照片弹出动画.debug.xcconfig */;
			buildSettings = {
				ASSETCATALOG_COMPILER_APPICON_NAME = AppIcon;
				DEVELOPMENT_TEAM = A6RKWJ9J6G;
				HEADER_SEARCH_PATHS = "\"$(PODS_ROOT)/仿微信照片弹出动画\"/**";
				INFOPLIST_FILE = "仿微信照片弹出动画/Info.plist";
				LD_RUNPATH_SEARCH_PATHS = "$(inherited) @executable_path/Frameworks";
				PRODUCT_BUNDLE_IDENTIFIER = "com.zhangxu.---------";
				PRODUCT_NAME = "$(TARGET_NAME)";
				SWIFT_VERSION = 3.0;
				USER_HEADER_SEARCH_PATHS = "\"$(PODS_ROOT)/仿微信照片弹出动画\"/**";
			};
			name = Debug;
		};
		8B2C6E0A1E096C13000E8675 /* Release */ = {
			isa = XCBuildConfiguration;
			baseConfigurationReference = 11EB51670AC274D493A89809 /* Pods-仿微信照片弹出动画.release.xcconfig */;
			buildSettings = {
				ASSETCATALOG_COMPILER_APPICON_NAME = AppIcon;
				DEVELOPMENT_TEAM = A6RKWJ9J6G;
				HEADER_SEARCH_PATHS = "\"$(PODS_ROOT)/仿微信照片弹出动画\"/**";
				INFOPLIST_FILE = "仿微信照片弹出动画/Info.plist";
				LD_RUNPATH_SEARCH_PATHS = "$(inherited) @executable_path/Frameworks";
				PRODUCT_BUNDLE_IDENTIFIER = "com.zhangxu.---------";
				PRODUCT_NAME = "$(TARGET_NAME)";
				SWIFT_VERSION = 3.0;
				USER_HEADER_SEARCH_PATHS = "\"$(PODS_ROOT)/仿微信照片弹出动画\"/**";
			};
			name = Release;
		};
		8B2C6E0C1E096C13000E8675 /* Debug */ = {
			isa = XCBuildConfiguration;
			buildSettings = {
				ALWAYS_EMBED_SWIFT_STANDARD_LIBRARIES = YES;
				BUNDLE_LOADER = "$(TEST_HOST)";
				DEVELOPMENT_TEAM = A6RKWJ9J6G;
				INFOPLIST_FILE = "仿微信照片弹出动画Tests/Info.plist";
				LD_RUNPATH_SEARCH_PATHS = "$(inherited) @executable_path/Frameworks @loader_path/Frameworks";
				PRODUCT_BUNDLE_IDENTIFIER = "com.zhangxu.---------Tests";
				PRODUCT_NAME = "$(TARGET_NAME)";
				SWIFT_VERSION = 3.0;
				TEST_HOST = "$(BUILT_PRODUCTS_DIR)/仿微信照片弹出动画.app/仿微信照片弹出动画";
			};
			name = Debug;
		};
		8B2C6E0D1E096C13000E8675 /* Release */ = {
			isa = XCBuildConfiguration;
			buildSettings = {
				ALWAYS_EMBED_SWIFT_STANDARD_LIBRARIES = YES;
				BUNDLE_LOADER = "$(TEST_HOST)";
				DEVELOPMENT_TEAM = A6RKWJ9J6G;
				INFOPLIST_FILE = "仿微信照片弹出动画Tests/Info.plist";
				LD_RUNPATH_SEARCH_PATHS = "$(inherited) @executable_path/Frameworks @loader_path/Frameworks";
				PRODUCT_BUNDLE_IDENTIFIER = "com.zhangxu.---------Tests";
				PRODUCT_NAME = "$(TARGET_NAME)";
				SWIFT_VERSION = 3.0;
				TEST_HOST = "$(BUILT_PRODUCTS_DIR)/仿微信照片弹出动画.app/仿微信照片弹出动画";
			};
			name = Release;
		};
		8B2C6E0F1E096C13000E8675 /* Debug */ = {
			isa = XCBuildConfiguration;
			buildSettings = {
				ALWAYS_EMBED_SWIFT_STANDARD_LIBRARIES = YES;
				DEVELOPMENT_TEAM = A6RKWJ9J6G;
				INFOPLIST_FILE = "仿微信照片弹出动画UITests/Info.plist";
				LD_RUNPATH_SEARCH_PATHS = "$(inherited) @executable_path/Frameworks @loader_path/Frameworks";
				PRODUCT_BUNDLE_IDENTIFIER = "com.zhangxu.---------UITests";
				PRODUCT_NAME = "$(TARGET_NAME)";
				SWIFT_VERSION = 3.0;
				TEST_TARGET_NAME = "仿微信照片弹出动画";
			};
			name = Debug;
		};
		8B2C6E101E096C13000E8675 /* Release */ = {
			isa = XCBuildConfiguration;
			buildSettings = {
				ALWAYS_EMBED_SWIFT_STANDARD_LIBRARIES = YES;
				DEVELOPMENT_TEAM = A6RKWJ9J6G;
				INFOPLIST_FILE = "仿微信照片弹出动画UITests/Info.plist";
				LD_RUNPATH_SEARCH_PATHS = "$(inherited) @executable_path/Frameworks @loader_path/Frameworks";
				PRODUCT_BUNDLE_IDENTIFIER = "com.zhangxu.---------UITests";
				PRODUCT_NAME = "$(TARGET_NAME)";
				SWIFT_VERSION = 3.0;
				TEST_TARGET_NAME = "仿微信照片弹出动画";
			};
			name = Release;
		};
/* End XCBuildConfiguration section */

/* Begin XCConfigurationList section */
		8B2C6DDB1E096C13000E8675 /* Build configuration list for PBXProject "仿微信照片弹出动画" */ = {
			isa = XCConfigurationList;
			buildConfigurations = (
				8B2C6E061E096C13000E8675 /* Debug */,
				8B2C6E071E096C13000E8675 /* Release */,
			);
			defaultConfigurationIsVisible = 0;
			defaultConfigurationName = Release;
		};
		8B2C6E081E096C13000E8675 /* Build configuration list for PBXNativeTarget "仿微信照片弹出动画" */ = {
			isa = XCConfigurationList;
			buildConfigurations = (
				8B2C6E091E096C13000E8675 /* Debug */,
				8B2C6E0A1E096C13000E8675 /* Release */,
			);
			defaultConfigurationIsVisible = 0;
			defaultConfigurationName = Release;
		};
		8B2C6E0B1E096C13000E8675 /* Build configuration list for PBXNativeTarget "仿微信照片弹出动画Tests" */ = {
			isa = XCConfigurationList;
			buildConfigurations = (
				8B2C6E0C1E096C13000E8675 /* Debug */,
				8B2C6E0D1E096C13000E8675 /* Release */,
			);
			defaultConfigurationIsVisible = 0;
			defaultConfigurationName = Release;
		};
		8B2C6E0E1E096C13000E8675 /* Build configuration list for PBXNativeTarget "仿微信照片弹出动画UITests" */ = {
			isa = XCConfigurationList;
			buildConfigurations = (
				8B2C6E0F1E096C13000E8675 /* Debug */,
				8B2C6E101E096C13000E8675 /* Release */,
			);
			defaultConfigurationIsVisible = 0;
			defaultConfigurationName = Release;
		};
/* End XCConfigurationList section */
	};
	rootObject = 8B2C6DD81E096C13000E8675 /* Project object */;
}
